
Microsoft Visual Studio Solution File, Format Version 12.00
# Visual Studio Version 16
VisualStudioVersion = 16.0.29613.14
MinimumVisualStudioVersion = 10.0.40219.1
Project("{FAE04EC0-301F-11D3-BF4B-00C04F79EFBC}") = "fiphwinfo", "fiphwinfo\fiphwinfo.csproj", "{1FAD01E9-E72D-4D5C-86DA-70D5A538FA88}"
EndProject
Global
	GlobalSection(SolutionConfigurationPlatforms) = preSolution
		Debug|Any CPU = Debug|Any CPU
		Debug|x64 = Debug|x64
		Debug|x86 = Debug|x86
		Release|Any CPU = Release|Any CPU
		Release|x64 = Release|x64
		Release|x86 = Release|x86
	EndGlobalSection
	GlobalSection(ProjectConfigurationPlatforms) = postSolution
		{1FAD01E9-E72D-4D5C-86DA-70D5A538FA88}.Debug|Any CPU.ActiveCfg = Debug|Any CPU
		{1FAD01E9-E72D-4D5C-86DA-70D5A538FA88}.Debug|Any CPU.Build.0 = Debug|Any CPU
		{1FAD01E9-E72D-4D5C-86DA-70D5A538FA88}.Debug|x64.ActiveCfg = Debug|Any CPU
		{1FAD01E9-E72D-4D5C-86DA-70D5A538FA88}.Debug|x64.Build.0 = Debug|Any CPU
		{1FAD01E9-E72D-4D5C-86DA-70D5A538FA88}.Debug|x86.ActiveCfg = Debug|Any CPU
		{1FAD01E9-E72D-4D5C-86DA-70D5A538FA88}.Debug|x86.Build.0 = Debug|Any CPU
		{1FAD01E9-E72D-4D5C-86DA-70D5A538FA88}.Release|Any CPU.ActiveCfg = Release|Any CPU
		{1FAD01E9-E72D-4D5C-86DA-70D5A538FA88}.Release|Any CPU.Build.0 = Release|Any CPU
		{1FAD01E9-E72D-4D5C-86DA-70D5A538FA88}.Release|x64.ActiveCfg = Release|Any CPU
		{1FAD01E9-E72D-4D5C-86DA-70D5A538FA88}.Release|x64.Build.0 = Release|Any CPU
		{1FAD01E9-E72D-4D5C-86DA-70D5A538FA88}.Release|x86.ActiveCfg = Release|Any CPU
		{1FAD01E9-E72D-4D5C-86DA-70D5A538FA88}.Release|x86.Build.0 = Release|Any CPU
	EndGlobalSection
	GlobalSection(SolutionProperties) = preSolution
		HideSolutionNode = FALSE
	EndGlobalSection
	GlobalSection(ExtensibilityGlobals) = postSolution
		SolutionGuid = {5d17ee8f-9e1b-4be5-9c7e-23e85b62145c}
	EndGlobalSection
EndGlobal
